
Microsoft Visual Studio Solution File, Format Version 12.00
# Visual Studio 14
VisualStudioVersion = 14.0.25420.1
MinimumVisualStudioVersion = 10.0.40219.1
Project("{FAE04EC0-301F-11D3-BF4B-00C04F79EFBC}") = "PP01", "PP01\PP01.csproj", "{D785EF13-5C14-4B9F-842E-EC0610353D53}"
EndProject
Project("{FAE04EC0-301F-11D3-BF4B-00C04F79EFBC}") = "PP01.Tests", "PP01.Tests\PP01.Tests.csproj", "{41B19FC1-C82E-4C2E-9F21-EEC9C72594BF}"
EndProject
Global
	GlobalSection(SolutionConfigurationPlatforms) = preSolution
		Debug|Any CPU = Debug|Any CPU
		Release|Any CPU = Release|Any CPU
	EndGlobalSection
	GlobalSection(ProjectConfigurationPlatforms) = postSolution
		{D785EF13-5C14-4B9F-842E-EC0610353D53}.Debug|Any CPU.ActiveCfg = Debug|Any CPU
		{D785EF13-5C14-4B9F-842E-EC0610353D53}.Debug|Any CPU.Build.0 = Debug|Any CPU
		{D785EF13-5C14-4B9F-842E-EC0610353D53}.Release|Any CPU.ActiveCfg = Release|Any CPU
		{D785EF13-5C14-4B9F-842E-EC0610353D53}.Release|Any CPU.Build.0 = Release|Any CPU
		{41B19FC1-C82E-4C2E-9F21-EEC9C72594BF}.Debug|Any CPU.ActiveCfg = Debug|Any CPU
		{41B19FC1-C82E-4C2E-9F21-EEC9C72594BF}.Debug|Any CPU.Build.0 = Debug|Any CPU
		{41B19FC1-C82E-4C2E-9F21-EEC9C72594BF}.Release|Any CPU.ActiveCfg = Release|Any CPU
		{41B19FC1-C82E-4C2E-9F21-EEC9C72594BF}.Release|Any CPU.Build.0 = Release|Any CPU
	EndGlobalSection
	GlobalSection(SolutionProperties) = preSolution
		HideSolutionNode = FALSE
	EndGlobalSection
EndGlobal
